Microsoft Visual Studio Solution File, Format Version 12.00
# Visual Studio 15
VisualStudioVersion = 15.0.28307.329
MinimumVisualStudioVersion = 10.0.40219.1
Project("{FAE04EC0-301F-11D3-BF4B-00C04F79EFBC}") = "AucScanner_RU", "AucScanner_RU.csproj", "{C04A05B9-33E5-4B75-A293-7996DBA97B42}"
EndProject
Global
	GlobalSection(SolutionConfigurationPlatforms) = preSolution
		Debug|Any CPU = Debug|Any CPU
		Release|Any CPU = Release|Any CPU
	EndGlobalSection
	GlobalSection(ProjectConfigurationPlatforms) = postSolution
		{C04A05B9-33E5-4B75-A293-7996DBA97B42}.Debug|Any CPU.ActiveCfg = Debug|Any CPU
		{C04A05B9-33E5-4B75-A293-7996DBA97B42}.Debug|Any CPU.Build.0 = Debug|Any CPU
		{C04A05B9-33E5-4B75-A293-7996DBA97B42}.Release|Any CPU.ActiveCfg = Release|Any CPU
		{C04A05B9-33E5-4B75-A293-7996DBA97B42}.Release|Any CPU.Build.0 = Release|Any CPU
	EndGlobalSection
	GlobalSection(SolutionProperties) = preSolution
		HideSolutionNode = FALSE
	EndGlobalSection
	GlobalSection(ExtensibilityGlobals) = postSolution
		SolutionGuid = {AC515335-A463-4D65-8DF5-9B2459AB301A}
	EndGlobalSection
EndGlobal
